
Microsoft Visual Studio Solution File, Format Version 12.00
# Visual Studio Version 16
VisualStudioVersion = 16.0.31005.135
MinimumVisualStudioVersion = 10.0.40219.1
Project("{FAE04EC0-301F-11D3-BF4B-00C04F79EFBC}") = "MathLibary", "MathLibary\MathLibary.csproj", "{A56961A6-48B7-404E-914C-30889A702F15}"
EndProject
Global
	GlobalSection(SolutionConfigurationPlatforms) = preSolution
		Debug|Any CPU = Debug|Any CPU
		Release|Any CPU = Release|Any CPU
	EndGlobalSection
	GlobalSection(ProjectConfigurationPlatforms) = postSolution
		{A56961A6-48B7-404E-914C-30889A702F15}.Debug|Any CPU.ActiveCfg = Debug|Any CPU
		{A56961A6-48B7-404E-914C-30889A702F15}.Debug|Any CPU.Build.0 = Debug|Any CPU
		{A56961A6-48B7-404E-914C-30889A702F15}.Release|Any CPU.ActiveCfg = Release|Any CPU
		{A56961A6-48B7-404E-914C-30889A702F15}.Release|Any CPU.Build.0 = Release|Any CPU
	EndGlobalSection
	GlobalSection(SolutionProperties) = preSolution
		HideSolutionNode = FALSE
	EndGlobalSection
	GlobalSection(ExtensibilityGlobals) = postSolution
		SolutionGuid = {5E7CF67C-8EFC-473F-8F3B-C849D7650F65}
	EndGlobalSection
EndGlobal
